PODS:
  - Flutter (1.0.0)
  - flutter_twitter (0.0.1):
    - Flutter
    - TwitterCore
    - TwitterKit
  - TwitterCore (3.2.0)
  - TwitterKit (3.4.2):
    - TwitterCore (>= 3.2.0)

DEPENDENCIES:
  - Flutter (from `Flutter`)
  - flutter_twitter (from `.symlinks/plugins/flutter_twitter/ios`)

SPEC REPOS:
  trunk:
    - TwitterCore
    - TwitterKit

EXTERNAL SOURCES:
  Flutter:
    :path: Flutter
  flutter_twitter:
    :path: ".symlinks/plugins/flutter_twitter/ios"

SPEC CHECKSUMS:
  Flutter: f04841e97a9d0b0a8025694d0796dd46242b2854
  flutter_twitter: f33a30ee64ecf27e189e2f3cb53ce3318b8bb396
  TwitterCore: 8cbc9ad34d91c63a0035ea05bfbfc0d7ca72a28c
  TwitterKit: 5e4f41d70b9abdb41df5467f52d7aa2c0fd26ebb

PODFILE CHECKSUM: f5221ed0fb6884121ec938e27a1b1e18fb3a47f7

COCOAPODS: 1.11.3
